lockfileVersion: '6.0'

settings:
  autoInstallPeers: true
  excludeLinksFromLockfile: false

devDependencies:
  '@types/node':
    specifier: ^20.5.4
    version: 20.5.4
  jiti:
    specifier: ^1.19.3
    version: 1.19.3

packages:

  /@types/node@20.5.4:
    resolution: {integrity: sha512-Y9vbIAoM31djQZrPYjpTLo0XlaSwOIsrlfE3LpulZeRblttsLQRFRlBAppW0LOxyT3ALj2M5vU1ucQQayQH3jA==}
    dev: true

  /jiti@1.19.3:
    resolution: {integrity: sha512-5eEbBDQT/jF1xg6l36P+mWGGoH9Spuy0PCdSr2dtWRDGC6ph/w9ZCL4lmESW8f8F7MwT3XKescfP0wnZWAKL9w==}
    hasBin: true
    dev: true
